
Microsoft Visual Studio Solution File, Format Version 12.00
# Visual Studio Express 14 for Web
VisualStudioVersion = 14.0.25420.1
MinimumVisualStudioVersion = 10.0.40219.1
Project("{FAE04EC0-301F-11D3-BF4B-00C04F79EFBC}") = "plawgoGitHub.Models", "plawgoGitHub.Models\plawgoGitHub.Models.csproj", "{A2D92DCC-2822-4D4C-9ACF-C806144D0E71}"
EndProject
Project("{FAE04EC0-301F-11D3-BF4B-00C04F79EFBC}") = "plawgoGitHub.DataAccess", "plawgoGitHub.DataAccess\plawgoGitHub.DataAccess.csproj", "{48E7B55A-2804-462D-AB28-E813BB60EE90}"
EndProject
Project("{FAE04EC0-301F-11D3-BF4B-00C04F79EFBC}") = "plawgoGitHub.Logic", "plawgoGitHub.Logic\plawgoGitHub.Logic.csproj", "{A7EF5899-519F-4625-B7B6-D793B3E1A559}"
EndProject
Project("{FAE04EC0-301F-11D3-BF4B-00C04F79EFBC}") = "plawgoGitHub.Web", "plawgoGitHub.Web\plawgoGitHub.Web.csproj", "{5E53AB2B-F6D3-4EEF-BBE9-5EAB6C4F497F}"
EndProject
Global
	GlobalSection(SolutionConfigurationPlatforms) = preSolution
		Debug|Any CPU = Debug|Any CPU
		Release|Any CPU = Release|Any CPU
	EndGlobalSection
	GlobalSection(ProjectConfigurationPlatforms) = postSolution
		{A2D92DCC-2822-4D4C-9ACF-C806144D0E71}.Debug|Any CPU.ActiveCfg = Debug|Any CPU
		{A2D92DCC-2822-4D4C-9ACF-C806144D0E71}.Debug|Any CPU.Build.0 = Debug|Any CPU
		{A2D92DCC-2822-4D4C-9ACF-C806144D0E71}.Release|Any CPU.ActiveCfg = Release|Any CPU
		{A2D92DCC-2822-4D4C-9ACF-C806144D0E71}.Release|Any CPU.Build.0 = Release|Any CPU
		{48E7B55A-2804-462D-AB28-E813BB60EE90}.Debug|Any CPU.ActiveCfg = Debug|Any CPU
		{48E7B55A-2804-462D-AB28-E813BB60EE90}.Debug|Any CPU.Build.0 = Debug|Any CPU
		{48E7B55A-2804-462D-AB28-E813BB60EE90}.Release|Any CPU.ActiveCfg = Release|Any CPU
		{48E7B55A-2804-462D-AB28-E813BB60EE90}.Release|Any CPU.Build.0 = Release|Any CPU
		{A7EF5899-519F-4625-B7B6-D793B3E1A559}.Debug|Any CPU.ActiveCfg = Debug|Any CPU
		{A7EF5899-519F-4625-B7B6-D793B3E1A559}.Debug|Any CPU.Build.0 = Debug|Any CPU
		{A7EF5899-519F-4625-B7B6-D793B3E1A559}.Release|Any CPU.ActiveCfg = Release|Any CPU
		{A7EF5899-519F-4625-B7B6-D793B3E1A559}.Release|Any CPU.Build.0 = Release|Any CPU
		{5E53AB2B-F6D3-4EEF-BBE9-5EAB6C4F497F}.Debug|Any CPU.ActiveCfg = Debug|Any CPU
		{5E53AB2B-F6D3-4EEF-BBE9-5EAB6C4F497F}.Debug|Any CPU.Build.0 = Debug|Any CPU
		{5E53AB2B-F6D3-4EEF-BBE9-5EAB6C4F497F}.Release|Any CPU.ActiveCfg = Release|Any CPU
		{5E53AB2B-F6D3-4EEF-BBE9-5EAB6C4F497F}.Release|Any CPU.Build.0 = Release|Any CPU
	EndGlobalSection
	GlobalSection(SolutionProperties) = preSolution
		HideSolutionNode = FALSE
	EndGlobalSection
EndGlobal
